
Microsoft Visual Studio Solution File, Format Version 12.00
# Visual Studio Version 17
VisualStudioVersion = 17.14.36616.10 d17.14
MinimumVisualStudioVersion = 10.0.40219.1
Project("{FAE04EC0-301F-11D3-BF4B-00C04F79EFBC}") = "proyectoMigracion", "proyectoMigracion\proyectoMigracion.csproj", "{8B1838E8-9857-4048-BB9C-3BB9382FF825}"
EndProject
Global
	GlobalSection(SolutionConfigurationPlatforms) = preSolution
		Debug|Any CPU = Debug|Any CPU
		Release|Any CPU = Release|Any CPU
	EndGlobalSection
	GlobalSection(ProjectConfigurationPlatforms) = postSolution
		{8B1838E8-9857-4048-BB9C-3BB9382FF825}.Debug|Any CPU.ActiveCfg = Debug|Any CPU
		{8B1838E8-9857-4048-BB9C-3BB9382FF825}.Debug|Any CPU.Build.0 = Debug|Any CPU
		{8B1838E8-9857-4048-BB9C-3BB9382FF825}.Release|Any CPU.ActiveCfg = Release|Any CPU
		{8B1838E8-9857-4048-BB9C-3BB9382FF825}.Release|Any CPU.Build.0 = Release|Any CPU
	EndGlobalSection
	GlobalSection(SolutionProperties) = preSolution
		HideSolutionNode = FALSE
	EndGlobalSection
	GlobalSection(ExtensibilityGlobals) = postSolution
		SolutionGuid = {05EF0DDD-825A-49A4-9023-92D8E1F4BED3}
	EndGlobalSection
EndGlobal
